# This file is automatically @generated by Cargo.
# It is not intended for manual editing.
[[package]]
name = "korean"
version = "0.2.0"
source = "registry+https://github.com/rust-lang/crates.io-index"

[[package]]
name = "thi"
version = "0.0.2"
dependencies = [
 "korean 0.2.0 (registry+https://github.com/rust-lang/crates.io-index)",
]

[metadata]
"checksum korean 0.2.0 (registry+https://github.com/rust-lang/crates.io-index)" = "0292bbc5320cad0fbbcc66fca083842b481a11550bc3dc1fb6a01da3c37bb6f2"
